// !$*UTF8*$!
{
	archiveVersion = 1;
	classes = {
	};
	objectVersion = 56;
	objects = {

/* Begin PBXBuildFile section */
		F064C9802959C2B800284387 /* AppDelegate.swift in Sources */ = {isa = PBXBuildFile; fileRef = F064C97F2959C2B800284387 /* AppDelegate.swift */; };
		F064C9822959C2B800284387 /* SceneDelegate.swift in Sources */ = {isa = PBXBuildFile; fileRef = F064C9812959C2B800284387 /* SceneDelegate.swift */; };
		F064C9842959C2B800284387 /* ViewController.swift in Sources */ = {isa = PBXBuildFile; fileRef = F064C9832959C2B800284387 /* ViewController.swift */; };
		F064C9872959C2B800284387 /* Main.storyboard in Resources */ = {isa = PBXBuildFile; fileRef = F064C9852959C2B800284387 /* Main.storyboard */; };
		F064C9892959C2B900284387 /* Assets.xcassets in Resources */ = {isa = PBXBuildFile; fileRef = F064C9882959C2B900284387 /* Assets.xcassets */; };
		F064C98C2959C2B900284387 /* LaunchScreen.storyboard in Resources */ = {isa = PBXBuildFile; fileRef = F064C98A2959C2B900284387 /* LaunchScreen.storyboard */; };
		F064C9972959C2B900284387 /* API_RESTTests.swift in Sources */ = {isa = PBXBuildFile; fileRef = F064C9962959C2B900284387 /* API_RESTTests.swift */; };
		F064C9A12959C2B900284387 /* API_RESTUITests.swift in Sources */ = {isa = PBXBuildFile; fileRef = F064C9A02959C2B900284387 /* API_RESTUITests.swift */; };
		F064C9A32959C2B900284387 /* API_RESTUITestsLaunchTests.swift in Sources */ = {isa = PBXBuildFile; fileRef = F064C9A22959C2B900284387 /* API_RESTUITestsLaunchTests.swift */; };
		F064C9B02959C36900284387 /* StoryCell.swift in Sources */ = {isa = PBXBuildFile; fileRef = F064C9AF2959C36900284387 /* StoryCell.swift */; };
		F064C9B22959C50800284387 /* Story.swift in Sources */ = {isa = PBXBuildFile; fileRef = F064C9B12959C50800284387 /* Story.swift */; };
/* End PBXBuildFile section */

/* Begin PBXContainerItemProxy section */
		F064C9932959C2B900284387 /* PBXContainerItemProxy */ = {
			isa = PBXContainerItemProxy;
			containerPortal = F064C9742959C2B700284387 /* Project object */;
			proxyType = 1;
			remoteGlobalIDString = F064C97B2959C2B800284387;
			remoteInfo = "API REST";
		};
		F064C99D2959C2B900284387 /* PBXContainerItemProxy */ = {
			isa = PBXContainerItemProxy;
			containerPortal = F064C9742959C2B700284387 /* Project object */;
			proxyType = 1;
			remoteGlobalIDString = F064C97B2959C2B800284387;
			remoteInfo = "API REST";
		};
/* End PBXContainerItemProxy section */

/* Begin PBXFileReference section */
		F064C97C2959C2B800284387 /* API REST.app */ = {isa = PBXFileReference; explicitFileType = wrapper.application; includeInIndex = 0; path = "API REST.app"; sourceTree = BUILT_PRODUCTS_DIR; };
		F064C97F2959C2B800284387 /* AppDelegate.swift */ = {isa = PBXFileReference; lastKnownFileType = sourcecode.swift; path = AppDelegate.swift; sourceTree = "<group>"; };
		F064C9812959C2B800284387 /* SceneDelegate.swift */ = {isa = PBXFileReference; lastKnownFileType = sourcecode.swift; path = SceneDelegate.swift; sourceTree = "<group>"; };
		F064C9832959C2B800284387 /* ViewController.swift */ = {isa = PBXFileReference; lastKnownFileType = sourcecode.swift; path = ViewController.swift; sourceTree = "<group>"; };
		F064C9862959C2B800284387 /* Base */ = {isa = PBXFileReference; lastKnownFileType = file.storyboard; name = Base; path = Base.lproj/Main.storyboard; sourceTree = "<group>"; };
		F064C9882959C2B900284387 /* Assets.xcassets */ = {isa = PBXFileReference; lastKnownFileType = folder.assetcatalog; path = Assets.xcassets; sourceTree = "<group>"; };
		F064C98B2959C2B900284387 /* Base */ = {isa = PBXFileReference; lastKnownFileType = file.storyboard; name = Base; path = Base.lproj/LaunchScreen.storyboard; sourceTree = "<group>"; };
		F064C98D2959C2B900284387 /* Info.plist */ = {isa = PBXFileReference; lastKnownFileType = text.plist.xml; path = Info.plist; sourceTree = "<group>"; };
		F064C9922959C2B900284387 /* API RESTTests.xctest */ = {isa = PBXFileReference; explicitFileType = wrapper.cfbundle; includeInIndex = 0; path = "API RESTTests.xctest"; sourceTree = BUILT_PRODUCTS_DIR; };
		F064C9962959C2B900284387 /* API_RESTTests.swift */ = {isa = PBXFileReference; lastKnownFileType = sourcecode.swift; path = API_RESTTests.swift; sourceTree = "<group>"; };
		F064C99C2959C2B900284387 /* API RESTUITests.xctest */ = {isa = PBXFileReference; explicitFileType = wrapper.cfbundle; includeInIndex = 0; path = "API RESTUITests.xctest"; sourceTree = BUILT_PRODUCTS_DIR; };
		F064C9A02959C2B900284387 /* API_RESTUITests.swift */ = {isa = PBXFileReference; lastKnownFileType = sourcecode.swift; path = API_RESTUITests.swift; sourceTree = "<group>"; };
		F064C9A22959C2B900284387 /* API_RESTUITestsLaunchTests.swift */ = {isa = PBXFileReference; lastKnownFileType = sourcecode.swift; path = API_RESTUITestsLaunchTests.swift; sourceTree = "<group>"; };
		F064C9AF2959C36900284387 /* StoryCell.swift */ = {isa = PBXFileReference; lastKnownFileType = sourcecode.swift; path = StoryCell.swift; sourceTree = "<group>"; };
		F064C9B12959C50800284387 /* Story.swift */ = {isa = PBXFileReference; lastKnownFileType = sourcecode.swift; path = Story.swift; sourceTree = "<group>"; };
/* End PBXFileReference section */

/* Begin PBXFrameworksBuildPhase section */
		F064C9792959C2B800284387 /* Frameworks */ = {
			isa = PBXFrameworksBuildPhase;
			buildActionMask = 2147483647;
			files = (
			);
			runOnlyForDeploymentPostprocessing = 0;
		};
		F064C98F2959C2B900284387 /* Frameworks */ = {
			isa = PBXFrameworksBuildPhase;
			buildActionMask = 2147483647;
			files = (
			);
			runOnlyForDeploymentPostprocessing = 0;
		};
		F064C9992959C2B900284387 /* Frameworks */ = {
			isa = PBXFrameworksBuildPhase;
			buildActionMask = 2147483647;
			files = (
			);
			runOnlyForDeploymentPostprocessing = 0;
		};
/* End PBXFrameworksBuildPhase section */

/* Begin PBXGroup section */
		F064C9732959C2B700284387 = {
			isa = PBXGroup;
			children = (
				F064C97E2959C2B800284387 /* API REST */,
				F064C9952959C2B900284387 /* API RESTTests */,
				F064C99F2959C2B900284387 /* API RESTUITests */,
				F064C97D2959C2B800284387 /* Products */,
			);
			sourceTree = "<group>";
		};
		F064C97D2959C2B800284387 /* Products */ = {
			isa = PBXGroup;
			children = (
				F064C97C2959C2B800284387 /* API REST.app */,
				F064C9922959C2B900284387 /* API RESTTests.xctest */,
				F064C99C2959C2B900284387 /* API RESTUITests.xctest */,
			);
			name = Products;
			sourceTree = "<group>";
		};
		F064C97E2959C2B800284387 /* API REST */ = {
			isa = PBXGroup;
			children = (
				F064C97F2959C2B800284387 /* AppDelegate.swift */,
				F064C9812959C2B800284387 /* SceneDelegate.swift */,
				F064C9832959C2B800284387 /* ViewController.swift */,
				F064C9B12959C50800284387 /* Story.swift */,
				F064C9AF2959C36900284387 /* StoryCell.swift */,
				F064C9852959C2B800284387 /* Main.storyboard */,
				F064C9882959C2B900284387 /* Assets.xcassets */,
				F064C98A2959C2B900284387 /* LaunchScreen.storyboard */,
				F064C98D2959C2B900284387 /* Info.plist */,
			);
			path = "API REST";
			sourceTree = "<group>";
		};
		F064C9952959C2B900284387 /* API RESTTests */ = {
			isa = PBXGroup;
			children = (
				F064C9962959C2B900284387 /* API_RESTTests.swift */,
			);
			path = "API RESTTests";
			sourceTree = "<group>";
		};
		F064C99F2959C2B900284387 /* API RESTUITests */ = {
			isa = PBXGroup;
			children = (
				F064C9A02959C2B900284387 /* API_RESTUITests.swift */,
				F064C9A22959C2B900284387 /* API_RESTUITestsLaunchTests.swift */,
			);
			path = "API RESTUITests";
			sourceTree = "<group>";
		};
/* End PBXGroup section */

/* Begin PBXNativeTarget section */
		F064C97B2959C2B800284387 /* API REST */ = {
			isa = PBXNativeTarget;
			buildConfigurationList = F064C9A62959C2B900284387 /* Build configuration list for PBXNativeTarget "API REST" */;
			buildPhases = (
				F064C9782959C2B800284387 /* Sources */,
				F064C9792959C2B800284387 /* Frameworks */,
				F064C97A2959C2B800284387 /* Resources */,
			);
			buildRules = (
			);
			dependencies = (
			);
			name = "API REST";
			productName = "API REST";
			productReference = F064C97C2959C2B800284387 /* API REST.app */;
			productType = "com.apple.product-type.application";
		};
		F064C9912959C2B900284387 /* API RESTTests */ = {
			isa = PBXNativeTarget;
			buildConfigurationList = F064C9A92959C2B900284387 /* Build configuration list for PBXNativeTarget "API RESTTests" */;
			buildPhases = (
				F064C98E2959C2B900284387 /* Sources */,
				F064C98F2959C2B900284387 /* Frameworks */,
				F064C9902959C2B900284387 /* Resources */,
			);
			buildRules = (
			);
			dependencies = (
				F064C9942959C2B900284387 /* PBXTargetDependency */,
			);
			name = "API RESTTests";
			productName = "API RESTTests";
			productReference = F064C9922959C2B900284387 /* API RESTTests.xctest */;
			productType = "com.apple.product-type.bundle.unit-test";
		};
		F064C99B2959C2B900284387 /* API RESTUITests */ = {
			isa = PBXNativeTarget;
			buildConfigurationList = F064C9AC2959C2B900284387 /* Build configuration list for PBXNativeTarget "API RESTUITests" */;
			buildPhases = (
				F064C9982959C2B900284387 /* Sources */,
				F064C9992959C2B900284387 /* Frameworks */,
				F064C99A2959C2B900284387 /* Resources */,
			);
			buildRules = (
			);
			dependencies = (
				F064C99E2959C2B900284387 /* PBXTargetDependency */,
			);
			name = "API RESTUITests";
			productName = "API RESTUITests";
			productReference = F064C99C2959C2B900284387 /* API RESTUITests.xctest */;
			productType = "com.apple.product-type.bundle.ui-testing";
		};
/* End PBXNativeTarget section */

/* Begin PBXProject section */
		F064C9742959C2B700284387 /* Project object */ = {
			isa = PBXProject;
			attributes = {
				BuildIndependentTargetsInParallel = 1;
				LastSwiftUpdateCheck = 1410;
				LastUpgradeCheck = 1410;
				TargetAttributes = {
					F064C97B2959C2B800284387 = {
						CreatedOnToolsVersion = 14.1;
					};
					F064C9912959C2B900284387 = {
						CreatedOnToolsVersion = 14.1;
						TestTargetID = F064C97B2959C2B800284387;
					};
					F064C99B2959C2B900284387 = {
						CreatedOnToolsVersion = 14.1;
						TestTargetID = F064C97B2959C2B800284387;
					};
				};
			};
			buildConfigurationList = F064C9772959C2B700284387 /* Build configuration list for PBXProject "API REST" */;
			compatibilityVersion = "Xcode 14.0";
			developmentRegion = en;
			hasScannedForEncodings = 0;
			knownRegions = (
				en,
				Base,
			);
			mainGroup = F064C9732959C2B700284387;
			productRefGroup = F064C97D2959C2B800284387 /* Products */;
			projectDirPath = "";
			projectRoot = "";
			targets = (
				F064C97B2959C2B800284387 /* API REST */,
				F064C9912959C2B900284387 /* API RESTTests */,
				F064C99B2959C2B900284387 /* API RESTUITests */,
			);
		};
/* End PBXProject section */

/* Begin PBXResourcesBuildPhase section */
		F064C97A2959C2B800284387 /* Resources */ = {
			isa = PBXResourcesBuildPhase;
			buildActionMask = 2147483647;
			files = (
				F064C98C2959C2B900284387 /* LaunchScreen.storyboard in Resources */,
				F064C9892959C2B900284387 /* Assets.xcassets in Resources */,
				F064C9872959C2B800284387 /* Main.storyboard in Resources */,
			);
			runOnlyForDeploymentPostprocessing = 0;
		};
		F064C9902959C2B900284387 /* Resources */ = {
			isa = PBXResourcesBuildPhase;
			buildActionMask = 2147483647;
			files = (
			);
			runOnlyForDeploymentPostprocessing = 0;
		};
		F064C99A2959C2B900284387 /* Resources */ = {
			isa = PBXResourcesBuildPhase;
			buildActionMask = 2147483647;
			files = (
			);
			runOnlyForDeploymentPostprocessing = 0;
		};
/* End PBXResourcesBuildPhase section */

/* Begin PBXSourcesBuildPhase section */
		F064C9782959C2B800284387 /* Sources */ = {
			isa = PBXSourcesBuildPhase;
			buildActionMask = 2147483647;
			files = (
				F064C9842959C2B800284387 /* ViewController.swift in Sources */,
				F064C9802959C2B800284387 /* AppDelegate.swift in Sources */,
				F064C9822959C2B800284387 /* SceneDelegate.swift in Sources */,
				F064C9B02959C36900284387 /* StoryCell.swift in Sources */,
				F064C9B22959C50800284387 /* Story.swift in Sources */,
			);
			runOnlyForDeploymentPostprocessing = 0;
		};
		F064C98E2959C2B900284387 /* Sources */ = {
			isa = PBXSourcesBuildPhase;
			buildActionMask = 2147483647;
			files = (
				F064C9972959C2B900284387 /* API_RESTTests.swift in Sources */,
			);
			runOnlyForDeploymentPostprocessing = 0;
		};
		F064C9982959C2B900284387 /* Sources */ = {
			isa = PBXSourcesBuildPhase;
			buildActionMask = 2147483647;
			files = (
				F064C9A32959C2B900284387 /* API_RESTUITestsLaunchTests.swift in Sources */,
				F064C9A12959C2B900284387 /* API_RESTUITests.swift in Sources */,
			);
			runOnlyForDeploymentPostprocessing = 0;
		};
/* End PBXSourcesBuildPhase section */

/* Begin PBXTargetDependency section */
		F064C9942959C2B900284387 /* PBXTargetDependency */ = {
			isa = PBXTargetDependency;
			target = F064C97B2959C2B800284387 /* API REST */;
			targetProxy = F064C9932959C2B900284387 /* PBXContainerItemProxy */;
		};
		F064C99E2959C2B900284387 /* PBXTargetDependency */ = {
			isa = PBXTargetDependency;
			target = F064C97B2959C2B800284387 /* API REST */;
			targetProxy = F064C99D2959C2B900284387 /* PBXContainerItemProxy */;
		};
/* End PBXTargetDependency section */

/* Begin PBXVariantGroup section */
		F064C9852959C2B800284387 /* Main.storyboard */ = {
			isa = PBXVariantGroup;
			children = (
				F064C9862959C2B800284387 /* Base */,
			);
			name = Main.storyboard;
			sourceTree = "<group>";
		};
		F064C98A2959C2B900284387 /* LaunchScreen.storyboard */ = {
			isa = PBXVariantGroup;
			children = (
				F064C98B2959C2B900284387 /* Base */,
			);
			name = LaunchScreen.storyboard;
			sourceTree = "<group>";
		};
/* End PBXVariantGroup section */

/* Begin XCBuildConfiguration section */
		F064C9A42959C2B900284387 /* Debug */ = {
			isa = XCBuildConfiguration;
			buildSettings = {
				ALWAYS_SEARCH_USER_PATHS = NO;
				CLANG_ANALYZER_NONNULL = YES;
				CLANG_ANALYZER_NUMBER_OBJECT_CONVERSION = YES_AGGRESSIVE;
				CLANG_CXX_LANGUAGE_STANDARD = "gnu++20";
				CLANG_ENABLE_MODULES = YES;
				CLANG_ENABLE_OBJC_ARC = YES;
				CLANG_ENABLE_OBJC_WEAK = YES;
				CLANG_WARN_BLOCK_CAPTURE_AUTORELEASING = YES;
				CLANG_WARN_BOOL_CONVERSION = YES;
				CLANG_WARN_COMMA = YES;
				CLANG_WARN_CONSTANT_CONVERSION = YES;
				CLANG_WARN_DEPRECATED_OBJC_IMPLEMENTATIONS = YES;
				CLANG_WARN_DIRECT_OBJC_ISA_USAGE = YES_ERROR;
				CLANG_WARN_DOCUMENTATION_COMMENTS = YES;
				CLANG_WARN_EMPTY_BODY = YES;
				CLANG_WARN_ENUM_CONVERSION = YES;
				CLANG_WARN_INFINITE_RECURSION = YES;
				CLANG_WARN_INT_CONVERSION = YES;
				CLANG_WARN_NON_LITERAL_NULL_CONVERSION = YES;
				CLANG_WARN_OBJC_IMPLICIT_RETAIN_SELF = YES;
				CLANG_WARN_OBJC_LITERAL_CONVERSION = YES;
				CLANG_WARN_OBJC_ROOT_CLASS = YES_ERROR;
				CLANG_WARN_QUOTED_INCLUDE_IN_FRAMEWORK_HEADER = YES;
				CLANG_WARN_RANGE_LOOP_ANALYSIS = YES;
				CLANG_WARN_STRICT_PROTOTYPES = YES;
				CLANG_WARN_SUSPICIOUS_MOVE = YES;
				CLANG_WARN_UNGUARDED_AVAILABILITY = YES_AGGRESSIVE;
				CLANG_WARN_UNREACHABLE_CODE = YES;
				CLANG_WARN__DUPLICATE_METHOD_MATCH = YES;
				COPY_PHASE_STRIP = NO;
				DEBUG_INFORMATION_FORMAT = dwarf;
				ENABLE_STRICT_OBJC_MSGSEND = YES;
				ENABLE_TESTABILITY = YES;
				GCC_C_LANGUAGE_STANDARD = gnu11;
				GCC_DYNAMIC_NO_PIC = NO;
				GCC_NO_COMMON_BLOCKS = YES;
				GCC_OPTIMIZATION_LEVEL = 0;
				GCC_PREPROCESSOR_DEFINITIONS = (
					"DEBUG=1",
					"$(inherited)",
				);
				GCC_WARN_64_TO_32_BIT_CONVERSION = YES;
				GCC_WARN_ABOUT_RETURN_TYPE = YES_ERROR;
				GCC_WARN_UNDECLARED_SELECTOR = YES;
				GCC_WARN_UNINITIALIZED_AUTOS = YES_AGGRESSIVE;
				GCC_WARN_UNUSED_FUNCTION = YES;
				GCC_WARN_UNUSED_VARIABLE = YES;
				IPHONEOS_DEPLOYMENT_TARGET = 16.1;
				MTL_ENABLE_DEBUG_INFO = INCLUDE_SOURCE;
				MTL_FAST_MATH = YES;
				ONLY_ACTIVE_ARCH = YES;
				SDKROOT = iphoneos;
				SWIFT_ACTIVE_COMPILATION_CONDITIONS = DEBUG;
				SWIFT_OPTIMIZATION_LEVEL = "-Onone";
			};
			name = Debug;
		};
		F064C9A52959C2B900284387 /* Release */ = {
			isa = XCBuildConfiguration;
			buildSettings = {
				ALWAYS_SEARCH_USER_PATHS = NO;
				CLANG_ANALYZER_NONNULL = YES;
				CLANG_ANALYZER_NUMBER_OBJECT_CONVERSION = YES_AGGRESSIVE;
				CLANG_CXX_LANGUAGE_STANDARD = "gnu++20";
				CLANG_ENABLE_MODULES = YES;
				CLANG_ENABLE_OBJC_ARC = YES;
				CLANG_ENABLE_OBJC_WEAK = YES;
				CLANG_WARN_BLOCK_CAPTURE_AUTORELEASING = YES;
				CLANG_WARN_BOOL_CONVERSION = YES;
				CLANG_WARN_COMMA = YES;
				CLANG_WARN_CONSTANT_CONVERSION = YES;
				CLANG_WARN_DEPRECATED_OBJC_IMPLEMENTATIONS = YES;
				CLANG_WARN_DIRECT_OBJC_ISA_USAGE = YES_ERROR;
				CLANG_WARN_DOCUMENTATION_COMMENTS = YES;
				CLANG_WARN_EMPTY_BODY = YES;
				CLANG_WARN_ENUM_CONVERSION = YES;
				CLANG_WARN_INFINITE_RECURSION = YES;
				CLANG_WARN_INT_CONVERSION = YES;
				CLANG_WARN_NON_LITERAL_NULL_CONVERSION = YES;
				CLANG_WARN_OBJC_IMPLICIT_RETAIN_SELF = YES;
				CLANG_WARN_OBJC_LITERAL_CONVERSION = YES;
				CLANG_WARN_OBJC_ROOT_CLASS = YES_ERROR;
				CLANG_WARN_QUOTED_INCLUDE_IN_FRAMEWORK_HEADER = YES;
				CLANG_WARN_RANGE_LOOP_ANALYSIS = YES;
				CLANG_WARN_STRICT_PROTOTYPES = YES;
				CLANG_WARN_SUSPICIOUS_MOVE = YES;
				CLANG_WARN_UNGUARDED_AVAILABILITY = YES_AGGRESSIVE;
				CLANG_WARN_UNREACHABLE_CODE = YES;
				CLANG_WARN__DUPLICATE_METHOD_MATCH = YES;
				COPY_PHASE_STRIP = NO;
				DEBUG_INFORMATION_FORMAT = "dwarf-with-dsym";
				ENABLE_NS_ASSERTIONS = NO;
				ENABLE_STRICT_OBJC_MSGSEND = YES;
				GCC_C_LANGUAGE_STANDARD = gnu11;
				GCC_NO_COMMON_BLOCKS = YES;
				GCC_WARN_64_TO_32_BIT_CONVERSION = YES;
				GCC_WARN_ABOUT_RETURN_TYPE = YES_ERROR;
				GCC_WARN_UNDECLARED_SELECTOR = YES;
				GCC_WARN_UNINITIALIZED_AUTOS = YES_AGGRESSIVE;
				GCC_WARN_UNUSED_FUNCTION = YES;
				GCC_WARN_UNUSED_VARIABLE = YES;
				IPHONEOS_DEPLOYMENT_TARGET = 16.1;
				MTL_ENABLE_DEBUG_INFO = NO;
				MTL_FAST_MATH = YES;
				SDKROOT = iphoneos;
				SWIFT_COMPILATION_MODE = wholemodule;
				SWIFT_OPTIMIZATION_LEVEL = "-O";
				VALIDATE_PRODUCT = YES;
			};
			name = Release;
		};
		F064C9A72959C2B900284387 /* Debug */ = {
			isa = XCBuildConfiguration;
			buildSettings = {
				ASSETCATALOG_COMPILER_APPICON_NAME = AppIcon;
				ASSETCATALOG_COMPILER_GLOBAL_ACCENT_COLOR_NAME = AccentColor;
				CODE_SIGN_STYLE = Automatic;
				CURRENT_PROJECT_VERSION = 1;
				GENERATE_INFOPLIST_FILE = YES;
				INFOPLIST_FILE = "API REST/Info.plist";
				INFOPLIST_KEY_UIApplicationSupportsIndirectInputEvents = YES;
				INFOPLIST_KEY_UILaunchStoryboardName = LaunchScreen;
				INFOPLIST_KEY_UIMainStoryboardFile = Main;
				INFOPLIST_KEY_UISupportedInterfaceOrientations_iPad = "UIInterfaceOrientationPortrait UIInterfaceOrientationPortraitUpsideDown UIInterfaceOrientationLandscapeLeft UIInterfaceOrientationLandscapeRight";
				INFOPLIST_KEY_UISupportedInterfaceOrientations_iPhone = "UIInterfaceOrientationPortrait UIInterfaceOrientationLandscapeLeft UIInterfaceOrientationLandscapeRight";
				IPHONEOS_DEPLOYMENT_TARGET = 15.0;
				LD_RUNPATH_SEARCH_PATHS = (
					"$(inherited)",
					"@executable_path/Frameworks",
				);
				MARKETING_VERSION = 1.0;
				PRODUCT_BUNDLE_IDENTIFIER = "Project.API-REST";
				PRODUCT_NAME = "$(TARGET_NAME)";
				SWIFT_EMIT_LOC_STRINGS = YES;
				SWIFT_VERSION = 5.0;
				TARGETED_DEVICE_FAMILY = "1,2";
			};
			name = Debug;
		};
		F064C9A82959C2B900284387 /* Release */ = {
			isa = XCBuildConfiguration;
			buildSettings = {
				ASSETCATALOG_COMPILER_APPICON_NAME = AppIcon;
				ASSETCATALOG_COMPILER_GLOBAL_ACCENT_COLOR_NAME = AccentColor;
				CODE_SIGN_STYLE = Automatic;
				CURRENT_PROJECT_VERSION = 1;
				GENERATE_INFOPLIST_FILE = YES;
				INFOPLIST_FILE = "API REST/Info.plist";
				INFOPLIST_KEY_UIApplicationSupportsIndirectInputEvents = YES;
				INFOPLIST_KEY_UILaunchStoryboardName = LaunchScreen;
				INFOPLIST_KEY_UIMainStoryboardFile = Main;
				INFOPLIST_KEY_UISupportedInterfaceOrientations_iPad = "UIInterfaceOrientationPortrait UIInterfaceOrientationPortraitUpsideDown UIInterfaceOrientationLandscapeLeft UIInterfaceOrientationLandscapeRight";
				INFOPLIST_KEY_UISupportedInterfaceOrientations_iPhone = "UIInterfaceOrientationPortrait UIInterfaceOrientationLandscapeLeft UIInterfaceOrientationLandscapeRight";
				IPHONEOS_DEPLOYMENT_TARGET = 15.0;
				LD_RUNPATH_SEARCH_PATHS = (
					"$(inherited)",
					"@executable_path/Frameworks",
				);
				MARKETING_VERSION = 1.0;
				PRODUCT_BUNDLE_IDENTIFIER = "Project.API-REST";
				PRODUCT_NAME = "$(TARGET_NAME)";
				SWIFT_EMIT_LOC_STRINGS = YES;
				SWIFT_VERSION = 5.0;
				TARGETED_DEVICE_FAMILY = "1,2";
			};
			name = Release;
		};
		F064C9AA2959C2B900284387 /* Debug */ = {
			isa = XCBuildConfiguration;
			buildSettings = {
				ALWAYS_EMBED_SWIFT_STANDARD_LIBRARIES = YES;
				BUNDLE_LOADER = "$(TEST_HOST)";
				CODE_SIGN_STYLE = Automatic;
				CURRENT_PROJECT_VERSION = 1;
				GENERATE_INFOPLIST_FILE = YES;
				IPHONEOS_DEPLOYMENT_TARGET = 16.1;
				MARKETING_VERSION = 1.0;
				PRODUCT_BUNDLE_IDENTIFIER = "Project.API-RESTTests";
				PRODUCT_NAME = "$(TARGET_NAME)";
				SWIFT_EMIT_LOC_STRINGS = NO;
				SWIFT_VERSION = 5.0;
				TARGETED_DEVICE_FAMILY = "1,2";
				TEST_HOST = "$(BUILT_PRODUCTS_DIR)/API REST.app/$(BUNDLE_EXECUTABLE_FOLDER_PATH)/API REST";
			};
			name = Debug;
		};
		F064C9AB2959C2B900284387 /* Release */ = {
			isa = XCBuildConfiguration;
			buildSettings = {
				ALWAYS_EMBED_SWIFT_STANDARD_LIBRARIES = YES;
				BUNDLE_LOADER = "$(TEST_HOST)";
				CODE_SIGN_STYLE = Automatic;
				CURRENT_PROJECT_VERSION = 1;
				GENERATE_INFOPLIST_FILE = YES;
				IPHONEOS_DEPLOYMENT_TARGET = 16.1;
				MARKETING_VERSION = 1.0;
				PRODUCT_BUNDLE_IDENTIFIER = "Project.API-RESTTests";
				PRODUCT_NAME = "$(TARGET_NAME)";
				SWIFT_EMIT_LOC_STRINGS = NO;
				SWIFT_VERSION = 5.0;
				TARGETED_DEVICE_FAMILY = "1,2";
				TEST_HOST = "$(BUILT_PRODUCTS_DIR)/API REST.app/$(BUNDLE_EXECUTABLE_FOLDER_PATH)/API REST";
			};
			name = Release;
		};
		F064C9AD2959C2B900284387 /* Debug */ = {
			isa = XCBuildConfiguration;
			buildSettings = {
				ALWAYS_EMBED_SWIFT_STANDARD_LIBRARIES = YES;
				CODE_SIGN_STYLE = Automatic;
				CURRENT_PROJECT_VERSION = 1;
				GENERATE_INFOPLIST_FILE = YES;
				MARKETING_VERSION = 1.0;
				PRODUCT_BUNDLE_IDENTIFIER = "Project.API-RESTUITests";
				PRODUCT_NAME = "$(TARGET_NAME)";
				SWIFT_EMIT_LOC_STRINGS = NO;
				SWIFT_VERSION = 5.0;
				TARGETED_DEVICE_FAMILY = "1,2";
				TEST_TARGET_NAME = "API REST";
			};
			name = Debug;
		};
		F064C9AE2959C2B900284387 /* Release */ = {
			isa = XCBuildConfiguration;
			buildSettings = {
				ALWAYS_EMBED_SWIFT_STANDARD_LIBRARIES = YES;
				CODE_SIGN_STYLE = Automatic;
				CURRENT_PROJECT_VERSION = 1;
				GENERATE_INFOPLIST_FILE = YES;
				MARKETING_VERSION = 1.0;
				PRODUCT_BUNDLE_IDENTIFIER = "Project.API-RESTUITests";
				PRODUCT_NAME = "$(TARGET_NAME)";
				SWIFT_EMIT_LOC_STRINGS = NO;
				SWIFT_VERSION = 5.0;
				TARGETED_DEVICE_FAMILY = "1,2";
				TEST_TARGET_NAME = "API REST";
			};
			name = Release;
		};
/* End XCBuildConfiguration section */

/* Begin XCConfigurationList section */
		F064C9772959C2B700284387 /* Build configuration list for PBXProject "API REST" */ = {
			isa = XCConfigurationList;
			buildConfigurations = (
				F064C9A42959C2B900284387 /* Debug */,
				F064C9A52959C2B900284387 /* Release */,
			);
			defaultConfigurationIsVisible = 0;
			defaultConfigurationName = Release;
		};
		F064C9A62959C2B900284387 /* Build configuration list for PBXNativeTarget "API REST" */ = {
			isa = XCConfigurationList;
			buildConfigurations = (
				F064C9A72959C2B900284387 /* Debug */,
				F064C9A82959C2B900284387 /* Release */,
			);
			defaultConfigurationIsVisible = 0;
			defaultConfigurationName = Release;
		};
		F064C9A92959C2B900284387 /* Build configuration list for PBXNativeTarget "API RESTTests" */ = {
			isa = XCConfigurationList;
			buildConfigurations = (
				F064C9AA2959C2B900284387 /* Debug */,
				F064C9AB2959C2B900284387 /* Release */,
			);
			defaultConfigurationIsVisible = 0;
			defaultConfigurationName = Release;
		};
		F064C9AC2959C2B900284387 /* Build configuration list for PBXNativeTarget "API RESTUITests" */ = {
			isa = XCConfigurationList;
			buildConfigurations = (
				F064C9AD2959C2B900284387 /* Debug */,
				F064C9AE2959C2B900284387 /* Release */,
			);
			defaultConfigurationIsVisible = 0;
			defaultConfigurationName = Release;
		};
/* End XCConfigurationList section */
	};
	rootObject = F064C9742959C2B700284387 /* Project object */;
}
